
Microsoft Visual Studio Solution File, Format Version 12.00
# Visual Studio Version 17
VisualStudioVersion = 17.10.35122.118
MinimumVisualStudioVersion = 10.0.40219.1
Project("{FAE04EC0-301F-11D3-BF4B-00C04F79EFBC}") = "API", "API\API.csproj", "{EBEABFD0-FAD2-4328-9EFF-774A1EB7D2A7}"
EndProject
Project("{FAE04EC0-301F-11D3-BF4B-00C04F79EFBC}") = "Business", "Business\Business.csproj", "{4E82694E-5858-48C5-8EEC-C4121ACC2EBB}"
EndProject
Project("{FAE04EC0-301F-11D3-BF4B-00C04F79EFBC}") = "Core", "Core\Core.csproj", "{5A3FB154-F150-4C33-A89A-F9390FAF0F74}"
EndProject
Project("{FAE04EC0-301F-11D3-BF4B-00C04F79EFBC}") = "DataAccess", "DataAccess\DataAccess.csproj", "{F8A04970-53DA-4B7F-8062-D88A189B24D1}"
EndProject
Project("{FAE04EC0-301F-11D3-BF4B-00C04F79EFBC}") = "Entities", "Entities\Entities.csproj", "{07BCEDFB-5C6B-4918-B550-EE02B11CB7B2}"
EndProject
Project("{FAE04EC0-301F-11D3-BF4B-00C04F79EFBC}") = "RegressionTests", "RegressionTests\RegressionTests.csproj", "{1AB29AD7-DE71-45B5-BCD6-2AE8C11EF737}"
EndProject
Global
	GlobalSection(SolutionConfigurationPlatforms) = preSolution
		Debug|Any CPU = Debug|Any CPU
		Release|Any CPU = Release|Any CPU
	EndGlobalSection
	GlobalSection(ProjectConfigurationPlatforms) = postSolution
		{EBEABFD0-FAD2-4328-9EFF-774A1EB7D2A7}.Debug|Any CPU.ActiveCfg = Debug|Any CPU
		{EBEABFD0-FAD2-4328-9EFF-774A1EB7D2A7}.Debug|Any CPU.Build.0 = Debug|Any CPU
		{EBEABFD0-FAD2-4328-9EFF-774A1EB7D2A7}.Release|Any CPU.ActiveCfg = Release|Any CPU
		{EBEABFD0-FAD2-4328-9EFF-774A1EB7D2A7}.Release|Any CPU.Build.0 = Release|Any CPU
		{4E82694E-5858-48C5-8EEC-C4121ACC2EBB}.Debug|Any CPU.ActiveCfg = Debug|Any CPU
		{4E82694E-5858-48C5-8EEC-C4121ACC2EBB}.Debug|Any CPU.Build.0 = Debug|Any CPU
		{4E82694E-5858-48C5-8EEC-C4121ACC2EBB}.Release|Any CPU.ActiveCfg = Release|Any CPU
		{4E82694E-5858-48C5-8EEC-C4121ACC2EBB}.Release|Any CPU.Build.0 = Release|Any CPU
		{5A3FB154-F150-4C33-A89A-F9390FAF0F74}.Debug|Any CPU.ActiveCfg = Debug|Any CPU
		{5A3FB154-F150-4C33-A89A-F9390FAF0F74}.Debug|Any CPU.Build.0 = Debug|Any CPU
		{5A3FB154-F150-4C33-A89A-F9390FAF0F74}.Release|Any CPU.ActiveCfg = Release|Any CPU
		{5A3FB154-F150-4C33-A89A-F9390FAF0F74}.Release|Any CPU.Build.0 = Release|Any CPU
		{F8A04970-53DA-4B7F-8062-D88A189B24D1}.Debug|Any CPU.ActiveCfg = Debug|Any CPU
		{F8A04970-53DA-4B7F-8062-D88A189B24D1}.Debug|Any CPU.Build.0 = Debug|Any CPU
		{F8A04970-53DA-4B7F-8062-D88A189B24D1}.Release|Any CPU.ActiveCfg = Release|Any CPU
		{F8A04970-53DA-4B7F-8062-D88A189B24D1}.Release|Any CPU.Build.0 = Release|Any CPU
		{07BCEDFB-5C6B-4918-B550-EE02B11CB7B2}.Debug|Any CPU.ActiveCfg = Debug|Any CPU
		{07BCEDFB-5C6B-4918-B550-EE02B11CB7B2}.Debug|Any CPU.Build.0 = Debug|Any CPU
		{07BCEDFB-5C6B-4918-B550-EE02B11CB7B2}.Release|Any CPU.ActiveCfg = Release|Any CPU
		{07BCEDFB-5C6B-4918-B550-EE02B11CB7B2}.Release|Any CPU.Build.0 = Release|Any CPU
		{1AB29AD7-DE71-45B5-BCD6-2AE8C11EF737}.Debug|Any CPU.ActiveCfg = Debug|Any CPU
		{1AB29AD7-DE71-45B5-BCD6-2AE8C11EF737}.Debug|Any CPU.Build.0 = Debug|Any CPU
		{1AB29AD7-DE71-45B5-BCD6-2AE8C11EF737}.Release|Any CPU.ActiveCfg = Release|Any CPU
		{1AB29AD7-DE71-45B5-BCD6-2AE8C11EF737}.Release|Any CPU.Build.0 = Release|Any CPU
	EndGlobalSection
	GlobalSection(SolutionProperties) = preSolution
		HideSolutionNode = FALSE
	EndGlobalSection
	GlobalSection(ExtensibilityGlobals) = postSolution
		SolutionGuid = {29D5117B-5A6F-4456-9C22-BBB7936A8880}
	EndGlobalSection
EndGlobal
